// !$*UTF8*$!
{
	archiveVersion = 1;
	classes = {
	};
	objectVersion = 56;
	objects = {

/* Begin PBXBuildFile section */
		AFC64A252CBED33C00DCE2ED /* AppDelegate.swift in Sources */ = {isa = PBXBuildFile; fileRef = AFC64A242CBED33C00DCE2ED /* AppDelegate.swift */; };
		AFC64A272CBED33C00DCE2ED /* SceneDelegate.swift in Sources */ = {isa = PBXBuildFile; fileRef = AFC64A262CBED33C00DCE2ED /* SceneDelegate.swift */; };
		AFC64A2E2CBED33E00DCE2ED /* Assets.xcassets in Resources */ = {isa = PBXBuildFile; fileRef = AFC64A2D2CBED33E00DCE2ED /* Assets.xcassets */; };
		AFC64A312CBED33E00DCE2ED /* LaunchScreen.storyboard in Resources */ = {isa = PBXBuildFile; fileRef = AFC64A2F2CBED33E00DCE2ED /* LaunchScreen.storyboard */; };
		AFC64A392CBED3FE00DCE2ED /* Task.swift in Sources */ = {isa = PBXBuildFile; fileRef = AFC64A382CBED3FE00DCE2ED /* Task.swift */; };
		AFC64A3B2CBED41100DCE2ED /* TaskListViewModel.swift in Sources */ = {isa = PBXBuildFile; fileRef = AFC64A3A2CBED41100DCE2ED /* TaskListViewModel.swift */; };
		AFC64A3D2CBED42300DCE2ED /* TaskCell.swift in Sources */ = {isa = PBXBuildFile; fileRef = AFC64A3C2CBED42300DCE2ED /* TaskCell.swift */; };
		AFC64A3F2CBED43D00DCE2ED /* TaskListViewController.swift in Sources */ = {isa = PBXBuildFile; fileRef = AFC64A3E2CBED43D00DCE2ED /* TaskListViewController.swift */; };
		AFC64A422CBED45800DCE2ED /* SnapKit in Frameworks */ = {isa = PBXBuildFile; productRef = AFC64A412CBED45800DCE2ED /* SnapKit */; };
		AFC64A4A2CC1B1F500DCE2ED /* TaskTableView.swift in Sources */ = {isa = PBXBuildFile; fileRef = AFC64A492CC1B1F500DCE2ED /* TaskTableView.swift */; };
/* End PBXBuildFile section */

/* Begin PBXFileReference section */
		AFC64A212CBED33C00DCE2ED /* SampleMVVM.app */ = {isa = PBXFileReference; explicitFileType = wrapper.application; includeInIndex = 0; path = SampleMVVM.app; sourceTree = BUILT_PRODUCTS_DIR; };
		AFC64A242CBED33C00DCE2ED /* AppDelegate.swift */ = {isa = PBXFileReference; lastKnownFileType = sourcecode.swift; path = AppDelegate.swift; sourceTree = "<group>"; };
		AFC64A262CBED33C00DCE2ED /* SceneDelegate.swift */ = {isa = PBXFileReference; lastKnownFileType = sourcecode.swift; path = SceneDelegate.swift; sourceTree = "<group>"; };
		AFC64A2D2CBED33E00DCE2ED /* Assets.xcassets */ = {isa = PBXFileReference; lastKnownFileType = folder.assetcatalog; path = Assets.xcassets; sourceTree = "<group>"; };
		AFC64A302CBED33E00DCE2ED /* Base */ = {isa = PBXFileReference; lastKnownFileType = file.storyboard; name = Base; path = Base.lproj/LaunchScreen.storyboard; sourceTree = "<group>"; };
		AFC64A322CBED33E00DCE2ED /* Info.plist */ = {isa = PBXFileReference; lastKnownFileType = text.plist.xml; path = Info.plist; sourceTree = "<group>"; };
		AFC64A382CBED3FE00DCE2ED /* Task.swift */ = {isa = PBXFileReference; lastKnownFileType = sourcecode.swift; path = Task.swift; sourceTree = "<group>"; };
		AFC64A3A2CBED41100DCE2ED /* TaskListViewModel.swift */ = {isa = PBXFileReference; lastKnownFileType = sourcecode.swift; path = TaskListViewModel.swift; sourceTree = "<group>"; };
		AFC64A3C2CBED42300DCE2ED /* TaskCell.swift */ = {isa = PBXFileReference; lastKnownFileType = sourcecode.swift; path = TaskCell.swift; sourceTree = "<group>"; };
		AFC64A3E2CBED43D00DCE2ED /* TaskListViewController.swift */ = {isa = PBXFileReference; lastKnownFileType = sourcecode.swift; path = TaskListViewController.swift; sourceTree = "<group>"; };
		AFC64A492CC1B1F500DCE2ED /* TaskTableView.swift */ = {isa = PBXFileReference; lastKnownFileType = sourcecode.swift; path = TaskTableView.swift; sourceTree = "<group>"; };
/* End PBXFileReference section */

/* Begin PBXFrameworksBuildPhase section */
		AFC64A1E2CBED33C00DCE2ED /* Frameworks */ = {
			isa = PBXFrameworksBuildPhase;
			buildActionMask = 2147483647;
			files = (
				AFC64A422CBED45800DCE2ED /* SnapKit in Frameworks */,
			);
			runOnlyForDeploymentPostprocessing = 0;
		};
/* End PBXFrameworksBuildPhase section */

/* Begin PBXGroup section */
		AFC64A182CBED33C00DCE2ED = {
			isa = PBXGroup;
			children = (
				AFC64A232CBED33C00DCE2ED /* SampleMVVM */,
				AFC64A222CBED33C00DCE2ED /* Products */,
			);
			sourceTree = "<group>";
		};
		AFC64A222CBED33C00DCE2ED /* Products */ = {
			isa = PBXGroup;
			children = (
				AFC64A212CBED33C00DCE2ED /* SampleMVVM.app */,
			);
			name = Products;
			sourceTree = "<group>";
		};
		AFC64A232CBED33C00DCE2ED /* SampleMVVM */ = {
			isa = PBXGroup;
			children = (
				AFC64A432CBED4EB00DCE2ED /* Model */,
				AFC64A442CBED4F100DCE2ED /* View */,
				AFC64A452CBED4F500DCE2ED /* ViewModel */,
				AFC64A472CBED53800DCE2ED /* Supporting */,
				AFC64A482CBED55C00DCE2ED /* Resources */,
				AFC64A322CBED33E00DCE2ED /* Info.plist */,
			);
			path = SampleMVVM;
			sourceTree = "<group>";
		};
		AFC64A432CBED4EB00DCE2ED /* Model */ = {
			isa = PBXGroup;
			children = (
				AFC64A382CBED3FE00DCE2ED /* Task.swift */,
			);
			path = Model;
			sourceTree = "<group>";
		};
		AFC64A442CBED4F100DCE2ED /* View */ = {
			isa = PBXGroup;
			children = (
				AFC64A3E2CBED43D00DCE2ED /* TaskListViewController.swift */,
				AFC64A3C2CBED42300DCE2ED /* TaskCell.swift */,
				AFC64A492CC1B1F500DCE2ED /* TaskTableView.swift */,
			);
			path = View;
			sourceTree = "<group>";
		};
		AFC64A452CBED4F500DCE2ED /* ViewModel */ = {
			isa = PBXGroup;
			children = (
				AFC64A3A2CBED41100DCE2ED /* TaskListViewModel.swift */,
			);
			path = ViewModel;
			sourceTree = "<group>";
		};
		AFC64A472CBED53800DCE2ED /* Supporting */ = {
			isa = PBXGroup;
			children = (
				AFC64A242CBED33C00DCE2ED /* AppDelegate.swift */,
				AFC64A262CBED33C00DCE2ED /* SceneDelegate.swift */,
			);
			path = Supporting;
			sourceTree = "<group>";
		};
		AFC64A482CBED55C00DCE2ED /* Resources */ = {
			isa = PBXGroup;
			children = (
				AFC64A2D2CBED33E00DCE2ED /* Assets.xcassets */,
				AFC64A2F2CBED33E00DCE2ED /* LaunchScreen.storyboard */,
			);
			path = Resources;
			sourceTree = "<group>";
		};
/* End PBXGroup section */

/* Begin PBXNativeTarget section */
		AFC64A202CBED33C00DCE2ED /* SampleMVVM */ = {
			isa = PBXNativeTarget;
			buildConfigurationList = AFC64A352CBED33E00DCE2ED /* Build configuration list for PBXNativeTarget "SampleMVVM" */;
			buildPhases = (
				AFC64A1D2CBED33C00DCE2ED /* Sources */,
				AFC64A1E2CBED33C00DCE2ED /* Frameworks */,
				AFC64A1F2CBED33C00DCE2ED /* Resources */,
			);
			buildRules = (
			);
			dependencies = (
			);
			name = SampleMVVM;
			packageProductDependencies = (
				AFC64A412CBED45800DCE2ED /* SnapKit */,
			);
			productName = SampleMVVM;
			productReference = AFC64A212CBED33C00DCE2ED /* SampleMVVM.app */;
			productType = "com.apple.product-type.application";
		};
/* End PBXNativeTarget section */

/* Begin PBXProject section */
		AFC64A192CBED33C00DCE2ED /* Project object */ = {
			isa = PBXProject;
			attributes = {
				BuildIndependentTargetsInParallel = 1;
				LastSwiftUpdateCheck = 1520;
				LastUpgradeCheck = 1520;
				TargetAttributes = {
					AFC64A202CBED33C00DCE2ED = {
						CreatedOnToolsVersion = 15.2;
					};
				};
			};
			buildConfigurationList = AFC64A1C2CBED33C00DCE2ED /* Build configuration list for PBXProject "SampleMVVM" */;
			compatibilityVersion = "Xcode 14.0";
			developmentRegion = en;
			hasScannedForEncodings = 0;
			knownRegions = (
				en,
				Base,
			);
			mainGroup = AFC64A182CBED33C00DCE2ED;
			packageReferences = (
				AFC64A402CBED45800DCE2ED /* XCRemoteSwiftPackageReference "SnapKit" */,
			);
			productRefGroup = AFC64A222CBED33C00DCE2ED /* Products */;
			projectDirPath = "";
			projectRoot = "";
			targets = (
				AFC64A202CBED33C00DCE2ED /* SampleMVVM */,
			);
		};
/* End PBXProject section */

/* Begin PBXResourcesBuildPhase section */
		AFC64A1F2CBED33C00DCE2ED /* Resources */ = {
			isa = PBXResourcesBuildPhase;
			buildActionMask = 2147483647;
			files = (
				AFC64A312CBED33E00DCE2ED /* LaunchScreen.storyboard in Resources */,
				AFC64A2E2CBED33E00DCE2ED /* Assets.xcassets in Resources */,
			);
			runOnlyForDeploymentPostprocessing = 0;
		};
/* End PBXResourcesBuildPhase section */

/* Begin PBXSourcesBuildPhase section */
		AFC64A1D2CBED33C00DCE2ED /* Sources */ = {
			isa = PBXSourcesBuildPhase;
			buildActionMask = 2147483647;
			files = (
				AFC64A3F2CBED43D00DCE2ED /* TaskListViewController.swift in Sources */,
				AFC64A392CBED3FE00DCE2ED /* Task.swift in Sources */,
				AFC64A3B2CBED41100DCE2ED /* TaskListViewModel.swift in Sources */,
				AFC64A252CBED33C00DCE2ED /* AppDelegate.swift in Sources */,
				AFC64A3D2CBED42300DCE2ED /* TaskCell.swift in Sources */,
				AFC64A272CBED33C00DCE2ED /* SceneDelegate.swift in Sources */,
				AFC64A4A2CC1B1F500DCE2ED /* TaskTableView.swift in Sources */,
			);
			runOnlyForDeploymentPostprocessing = 0;
		};
/* End PBXSourcesBuildPhase section */

/* Begin PBXVariantGroup section */
		AFC64A2F2CBED33E00DCE2ED /* LaunchScreen.storyboard */ = {
			isa = PBXVariantGroup;
			children = (
				AFC64A302CBED33E00DCE2ED /* Base */,
			);
			name = LaunchScreen.storyboard;
			sourceTree = "<group>";
		};
/* End PBXVariantGroup section */

/* Begin XCBuildConfiguration section */
		AFC64A332CBED33E00DCE2ED /* Debug */ = {
			isa = XCBuildConfiguration;
			buildSettings = {
				ALWAYS_SEARCH_USER_PATHS = NO;
				ASSETCATALOG_COMPILER_GENERATE_SWIFT_ASSET_SYMBOL_EXTENSIONS = YES;
				CLANG_ANALYZER_NONNULL = YES;
				CLANG_ANALYZER_NUMBER_OBJECT_CONVERSION = YES_AGGRESSIVE;
				CLANG_CXX_LANGUAGE_STANDARD = "gnu++20";
				CLANG_ENABLE_MODULES = YES;
				CLANG_ENABLE_OBJC_ARC = YES;
				CLANG_ENABLE_OBJC_WEAK = YES;
				CLANG_WARN_BLOCK_CAPTURE_AUTORELEASING = YES;
				CLANG_WARN_BOOL_CONVERSION = YES;
				CLANG_WARN_COMMA = YES;
				CLANG_WARN_CONSTANT_CONVERSION = YES;
				CLANG_WARN_DEPRECATED_OBJC_IMPLEMENTATIONS = YES;
				CLANG_WARN_DIRECT_OBJC_ISA_USAGE = YES_ERROR;
				CLANG_WARN_DOCUMENTATION_COMMENTS = YES;
				CLANG_WARN_EMPTY_BODY = YES;
				CLANG_WARN_ENUM_CONVERSION = YES;
				CLANG_WARN_INFINITE_RECURSION = YES;
				CLANG_WARN_INT_CONVERSION = YES;
				CLANG_WARN_NON_LITERAL_NULL_CONVERSION = YES;
				CLANG_WARN_OBJC_IMPLICIT_RETAIN_SELF = YES;
				CLANG_WARN_OBJC_LITERAL_CONVERSION = YES;
				CLANG_WARN_OBJC_ROOT_CLASS = YES_ERROR;
				CLANG_WARN_QUOTED_INCLUDE_IN_FRAMEWORK_HEADER = YES;
				CLANG_WARN_RANGE_LOOP_ANALYSIS = YES;
				CLANG_WARN_STRICT_PROTOTYPES = YES;
				CLANG_WARN_SUSPICIOUS_MOVE = YES;
				CLANG_WARN_UNGUARDED_AVAILABILITY = YES_AGGRESSIVE;
				CLANG_WARN_UNREACHABLE_CODE = YES;
				CLANG_WARN__DUPLICATE_METHOD_MATCH = YES;
				COPY_PHASE_STRIP = NO;
				DEBUG_INFORMATION_FORMAT = dwarf;
				ENABLE_STRICT_OBJC_MSGSEND = YES;
				ENABLE_TESTABILITY = YES;
				ENABLE_USER_SCRIPT_SANDBOXING = YES;
				GCC_C_LANGUAGE_STANDARD = gnu17;
				GCC_DYNAMIC_NO_PIC = NO;
				GCC_NO_COMMON_BLOCKS = YES;
				GCC_OPTIMIZATION_LEVEL = 0;
				GCC_PREPROCESSOR_DEFINITIONS = (
					"DEBUG=1",
					"$(inherited)",
				);
				GCC_WARN_64_TO_32_BIT_CONVERSION = YES;
				GCC_WARN_ABOUT_RETURN_TYPE = YES_ERROR;
				GCC_WARN_UNDECLARED_SELECTOR = YES;
				GCC_WARN_UNINITIALIZED_AUTOS = YES_AGGRESSIVE;
				GCC_WARN_UNUSED_FUNCTION = YES;
				GCC_WARN_UNUSED_VARIABLE = YES;
				IPHONEOS_DEPLOYMENT_TARGET = 17.2;
				LOCALIZATION_PREFERS_STRING_CATALOGS = YES;
				MTL_ENABLE_DEBUG_INFO = INCLUDE_SOURCE;
				MTL_FAST_MATH = YES;
				ONLY_ACTIVE_ARCH = YES;
				SDKROOT = iphoneos;
				SWIFT_ACTIVE_COMPILATION_CONDITIONS = "DEBUG $(inherited)";
				SWIFT_OPTIMIZATION_LEVEL = "-Onone";
			};
			name = Debug;
		};
		AFC64A342CBED33E00DCE2ED /* Release */ = {
			isa = XCBuildConfiguration;
			buildSettings = {
				ALWAYS_SEARCH_USER_PATHS = NO;
				ASSETCATALOG_COMPILER_GENERATE_SWIFT_ASSET_SYMBOL_EXTENSIONS = YES;
				CLANG_ANALYZER_NONNULL = YES;
				CLANG_ANALYZER_NUMBER_OBJECT_CONVERSION = YES_AGGRESSIVE;
				CLANG_CXX_LANGUAGE_STANDARD = "gnu++20";
				CLANG_ENABLE_MODULES = YES;
				CLANG_ENABLE_OBJC_ARC = YES;
				CLANG_ENABLE_OBJC_WEAK = YES;
				CLANG_WARN_BLOCK_CAPTURE_AUTORELEASING = YES;
				CLANG_WARN_BOOL_CONVERSION = YES;
				CLANG_WARN_COMMA = YES;
				CLANG_WARN_CONSTANT_CONVERSION = YES;
				CLANG_WARN_DEPRECATED_OBJC_IMPLEMENTATIONS = YES;
				CLANG_WARN_DIRECT_OBJC_ISA_USAGE = YES_ERROR;
				CLANG_WARN_DOCUMENTATION_COMMENTS = YES;
				CLANG_WARN_EMPTY_BODY = YES;
				CLANG_WARN_ENUM_CONVERSION = YES;
				CLANG_WARN_INFINITE_RECURSION = YES;
				CLANG_WARN_INT_CONVERSION = YES;
				CLANG_WARN_NON_LITERAL_NULL_CONVERSION = YES;
				CLANG_WARN_OBJC_IMPLICIT_RETAIN_SELF = YES;
				CLANG_WARN_OBJC_LITERAL_CONVERSION = YES;
				CLANG_WARN_OBJC_ROOT_CLASS = YES_ERROR;
				CLANG_WARN_QUOTED_INCLUDE_IN_FRAMEWORK_HEADER = YES;
				CLANG_WARN_RANGE_LOOP_ANALYSIS = YES;
				CLANG_WARN_STRICT_PROTOTYPES = YES;
				CLANG_WARN_SUSPICIOUS_MOVE = YES;
				CLANG_WARN_UNGUARDED_AVAILABILITY = YES_AGGRESSIVE;
				CLANG_WARN_UNREACHABLE_CODE = YES;
				CLANG_WARN__DUPLICATE_METHOD_MATCH = YES;
				COPY_PHASE_STRIP = NO;
				DEBUG_INFORMATION_FORMAT = "dwarf-with-dsym";
				ENABLE_NS_ASSERTIONS = NO;
				ENABLE_STRICT_OBJC_MSGSEND = YES;
				ENABLE_USER_SCRIPT_SANDBOXING = YES;
				GCC_C_LANGUAGE_STANDARD = gnu17;
				GCC_NO_COMMON_BLOCKS = YES;
				GCC_WARN_64_TO_32_BIT_CONVERSION = YES;
				GCC_WARN_ABOUT_RETURN_TYPE = YES_ERROR;
				GCC_WARN_UNDECLARED_SELECTOR = YES;
				GCC_WARN_UNINITIALIZED_AUTOS = YES_AGGRESSIVE;
				GCC_WARN_UNUSED_FUNCTION = YES;
				GCC_WARN_UNUSED_VARIABLE = YES;
				IPHONEOS_DEPLOYMENT_TARGET = 17.2;
				LOCALIZATION_PREFERS_STRING_CATALOGS = YES;
				MTL_ENABLE_DEBUG_INFO = NO;
				MTL_FAST_MATH = YES;
				SDKROOT = iphoneos;
				SWIFT_COMPILATION_MODE = wholemodule;
				VALIDATE_PRODUCT = YES;
			};
			name = Release;
		};
		AFC64A362CBED33E00DCE2ED /* Debug */ = {
			isa = XCBuildConfiguration;
			buildSettings = {
				ASSETCATALOG_COMPILER_APPICON_NAME = AppIcon;
				ASSETCATALOG_COMPILER_GLOBAL_ACCENT_COLOR_NAME = AccentColor;
				CODE_SIGN_STYLE = Automatic;
				CURRENT_PROJECT_VERSION = 1;
				DEVELOPMENT_TEAM = 46KN7896SK;
				GENERATE_INFOPLIST_FILE = YES;
				INFOPLIST_FILE = SampleMVVM/Info.plist;
				INFOPLIST_KEY_UIApplicationSupportsIndirectInputEvents = YES;
				INFOPLIST_KEY_UILaunchStoryboardName = LaunchScreen;
				INFOPLIST_KEY_UISupportedInterfaceOrientations_iPad = "UIInterfaceOrientationPortrait UIInterfaceOrientationPortraitUpsideDown UIInterfaceOrientationLandscapeLeft UIInterfaceOrientationLandscapeRight";
				INFOPLIST_KEY_UISupportedInterfaceOrientations_iPhone = "UIInterfaceOrientationPortrait UIInterfaceOrientationLandscapeLeft UIInterfaceOrientationLandscapeRight";
				IPHONEOS_DEPLOYMENT_TARGET = 17.0;
				LD_RUNPATH_SEARCH_PATHS = (
					"$(inherited)",
					"@executable_path/Frameworks",
				);
				MARKETING_VERSION = 1.0;
				PRODUCT_BUNDLE_IDENTIFIER = sedatbarlin.SampleMVVM;
				PRODUCT_NAME = "$(TARGET_NAME)";
				SWIFT_EMIT_LOC_STRINGS = YES;
				SWIFT_VERSION = 5.0;
				TARGETED_DEVICE_FAMILY = "1,2";
			};
			name = Debug;
		};
		AFC64A372CBED33E00DCE2ED /* Release */ = {
			isa = XCBuildConfiguration;
			buildSettings = {
				ASSETCATALOG_COMPILER_APPICON_NAME = AppIcon;
				ASSETCATALOG_COMPILER_GLOBAL_ACCENT_COLOR_NAME = AccentColor;
				CODE_SIGN_STYLE = Automatic;
				CURRENT_PROJECT_VERSION = 1;
				DEVELOPMENT_TEAM = 46KN7896SK;
				GENERATE_INFOPLIST_FILE = YES;
				INFOPLIST_FILE = SampleMVVM/Info.plist;
				INFOPLIST_KEY_UIApplicationSupportsIndirectInputEvents = YES;
				INFOPLIST_KEY_UILaunchStoryboardName = LaunchScreen;
				INFOPLIST_KEY_UISupportedInterfaceOrientations_iPad = "UIInterfaceOrientationPortrait UIInterfaceOrientationPortraitUpsideDown UIInterfaceOrientationLandscapeLeft UIInterfaceOrientationLandscapeRight";
				INFOPLIST_KEY_UISupportedInterfaceOrientations_iPhone = "UIInterfaceOrientationPortrait UIInterfaceOrientationLandscapeLeft UIInterfaceOrientationLandscapeRight";
				IPHONEOS_DEPLOYMENT_TARGET = 17.0;
				LD_RUNPATH_SEARCH_PATHS = (
					"$(inherited)",
					"@executable_path/Frameworks",
				);
				MARKETING_VERSION = 1.0;
				PRODUCT_BUNDLE_IDENTIFIER = sedatbarlin.SampleMVVM;
				PRODUCT_NAME = "$(TARGET_NAME)";
				SWIFT_EMIT_LOC_STRINGS = YES;
				SWIFT_VERSION = 5.0;
				TARGETED_DEVICE_FAMILY = "1,2";
			};
			name = Release;
		};
/* End XCBuildConfiguration section */

/* Begin XCConfigurationList section */
		AFC64A1C2CBED33C00DCE2ED /* Build configuration list for PBXProject "SampleMVVM" */ = {
			isa = XCConfigurationList;
			buildConfigurations = (
				AFC64A332CBED33E00DCE2ED /* Debug */,
				AFC64A342CBED33E00DCE2ED /* Release */,
			);
			defaultConfigurationIsVisible = 0;
			defaultConfigurationName = Release;
		};
		AFC64A352CBED33E00DCE2ED /* Build configuration list for PBXNativeTarget "SampleMVVM" */ = {
			isa = XCConfigurationList;
			buildConfigurations = (
				AFC64A362CBED33E00DCE2ED /* Debug */,
				AFC64A372CBED33E00DCE2ED /* Release */,
			);
			defaultConfigurationIsVisible = 0;
			defaultConfigurationName = Release;
		};
/* End XCConfigurationList section */

/* Begin XCRemoteSwiftPackageReference section */
		AFC64A402CBED45800DCE2ED /* XCRemoteSwiftPackageReference "SnapKit" */ = {
			isa = XCRemoteSwiftPackageReference;
			repositoryURL = "https://github.com/SnapKit/SnapKit.git";
			requirement = {
				kind = upToNextMajorVersion;
				minimumVersion = 5.7.1;
			};
		};
/* End XCRemoteSwiftPackageReference section */

/* Begin XCSwiftPackageProductDependency section */
		AFC64A412CBED45800DCE2ED /* SnapKit */ = {
			isa = XCSwiftPackageProductDependency;
			package = AFC64A402CBED45800DCE2ED /* XCRemoteSwiftPackageReference "SnapKit" */;
			productName = SnapKit;
		};
/* End XCSwiftPackageProductDependency section */
	};
	rootObject = AFC64A192CBED33C00DCE2ED /* Project object */;
}
